dependencies:
- name: common
  repository: https://bjw-s-labs.github.io/helm-charts
  version: 3.7.2
- name: nfs-subdir-external-provisioner
  repository: https://kubernetes-sigs.github.io/nfs-subdir-external-provisioner/
  version: 4.0.18
- name: nfs-subdir-external-provisioner
  repository: https://kubernetes-sigs.github.io/nfs-subdir-external-provisioner/
  version: 4.0.18
- name: nfs-subdir-external-provisioner
  repository: https://kubernetes-sigs.github.io/nfs-subdir-external-provisioner/
  version: 4.0.18
digest: sha256:7b85869e65afdcca4b40710f59f4ece3f5993659006a051cae50d46a5b34dc83
generated: "2025-03-07T17:35:51.838823+01:00"
