dependencies:
- name: common
  repository: https://bjw-s-labs.github.io/helm-charts
  version: 3.7.2
- name: nfs-subdir-external-provisioner
  repository: https://kubernetes-sigs.github.io/nfs-subdir-external-provisioner/
  version: 4.0.18
- name: nfs-subdir-external-provisioner
  repository: https://kubernetes-sigs.github.io/nfs-subdir-external-provisioner/
  version: 4.0.18
- name: nfs-subdir-external-provisioner
  repository: https://kubernetes-sigs.github.io/nfs-subdir-external-provisioner/
  version: 4.0.18
digest: sha256:6411852f11ea20f582bd1c94b7fd4675c79731a00b63ae4c8cc0bc9c5393e7fe
generated: "2025-12-25T11:29:05.026751+01:00"
