dependencies:
- name: kube-state-metrics
  repository: https://prometheus-community.github.io/helm-charts
  version: 5.37.0
- name: prometheus-node-exporter
  repository: https://prometheus-community.github.io/helm-charts
  version: 4.47.0
- name: alloy
  repository: https://grafana.github.io/helm-charts
  version: 1.1.1
digest: sha256:c720a75044f26c9ab425de803b6f9ce2bf3aa930c80eac44d0f6c707dd55fe27
generated: "2025-06-14T12:25:39.250736+02:00"
