dependencies:
- name: immich
  repository: https://immich-app.github.io/immich-charts
  version: 0.9.0
- name: postgresql
  repository: https://charts.bitnami.com/bitnami
  version: 16.0.0
digest: sha256:4a2fb19add7f0bcca7c8bfbbe0fe87599b7cd0b4ca7eedf0dab376afe3cca835
generated: "2025-03-03T21:14:23.583005+01:00"
