dependencies:
- name: immich
  repository: https://immich-app.github.io/immich-charts
  version: 0.9.2
- name: postgresql
  repository: https://charts.bitnami.com/bitnami
  version: 16.4.15
- name: nfs-subdir-external-provisioner
  repository: https://kubernetes-sigs.github.io/nfs-subdir-external-provisioner/
  version: 4.0.18
- name: nfs-subdir-external-provisioner
  repository: https://kubernetes-sigs.github.io/nfs-subdir-external-provisioner/
  version: 4.0.18
digest: sha256:26a2eb79f1fb845833534cf567f8cf149c8c7714619fb8d7763b43c8ad6f9cec
generated: "2025-04-05T17:31:05.053845+02:00"
